
Microsoft Visual Studio Solution File, Format Version 12.00
# Visual Studio Version 16
VisualStudioVersion = 16.0.29728.190
MinimumVisualStudioVersion = 10.0.40219.1
Project("{FAE04EC0-301F-11D3-BF4B-00C04F79EFBC}") = "CoreApi", "CoreApi.csproj", "{CE3F4BAD-3E7C-4E08-955C-D4207ECC5541}"
EndProject
Project("{FAE04EC0-301F-11D3-BF4B-00C04F79EFBC}") = "CoreApiModels", "..\CoreApiModels\CoreApiModels.csproj", "{82748577-3650-4E42-921E-E65324A69003}"
EndProject
Global
	GlobalSection(SolutionConfigurationPlatforms) = preSolution
		Debug|Any CPU = Debug|Any CPU
		Release|Any CPU = Release|Any CPU
	EndGlobalSection
	GlobalSection(ProjectConfigurationPlatforms) = postSolution
		{CE3F4BAD-3E7C-4E08-955C-D4207ECC5541}.Debug|Any CPU.ActiveCfg = Debug|Any CPU
		{CE3F4BAD-3E7C-4E08-955C-D4207ECC5541}.Debug|Any CPU.Build.0 = Debug|Any CPU
		{CE3F4BAD-3E7C-4E08-955C-D4207ECC5541}.Release|Any CPU.ActiveCfg = Release|Any CPU
		{CE3F4BAD-3E7C-4E08-955C-D4207ECC5541}.Release|Any CPU.Build.0 = Release|Any CPU
		{82748577-3650-4E42-921E-E65324A69003}.Debug|Any CPU.ActiveCfg = Debug|Any CPU
		{82748577-3650-4E42-921E-E65324A69003}.Debug|Any CPU.Build.0 = Debug|Any CPU
		{82748577-3650-4E42-921E-E65324A69003}.Release|Any CPU.ActiveCfg = Release|Any CPU
		{82748577-3650-4E42-921E-E65324A69003}.Release|Any CPU.Build.0 = Release|Any CPU
	EndGlobalSection
	GlobalSection(SolutionProperties) = preSolution
		HideSolutionNode = FALSE
	EndGlobalSection
	GlobalSection(ExtensibilityGlobals) = postSolution
		SolutionGuid = {3C4A6980-303A-465C-87E6-3316B1B94679}
	EndGlobalSection
EndGlobal
